{
    "name": "syllables",
    "version": "1.0.0",
    "lockfileVersion": 1,
    "requires": true,
    "dependencies": {
        "cmu-pronouncing-dictionary": {
            "version": "1.0.3",
            "resolved": "https://registry.npmjs.org/cmu-pronouncing-dictionary/-/cmu-pronouncing-dictionary-1.0.3.tgz",
            "integrity": "sha1-SbmXWcT9OTzkw5VVvxjSZDJt/2U="
        },
        "extractwords": {
            "version": "1.0.1",
            "resolved": "https://registry.npmjs.org/extractwords/-/extractwords-1.0.1.tgz",
            "integrity": "sha512-Mh3Pix9YiFs7DHnpv2sl4yYGxUGOqLqU+ApD2kCjRsbVt9KNh07CE6xEU3uz/2hu74V9ua+jE0HjVSopDXtRhw=="
        }
    }
}
