{
    "name": "syllables",
    "version": "1.0.0",
    "lockfileVersion": 1,
    "requires": true,
    "dependencies": {
        "cmu-pronouncing-dictionary": {
            "version": "1.0.3",
            "resolved": "https://registry.npmjs.org/cmu-pronouncing-dictionary/-/cmu-pronouncing-dictionary-1.0.3.tgz",
            "integrity": "sha1-SbmXWcT9OTzkw5VVvxjSZDJt/2U="
        },
        "extractwords": {
            "version": "1.1.1",
            "resolved": "https://registry.npmjs.org/extractwords/-/extractwords-1.1.1.tgz",
            "integrity": "sha512-z8z79mNOE+VYuWFHKpl8mzataNHQzZW4UtUZ/TWxxcQZTTIQtk0FuZkGlWkj+6AIHD7eplB5+WnisHVVei1OEQ=="
        }
    }
}
